
Microsoft Visual Studio Solution File, Format Version 12.00
# Visual Studio 15
VisualStudioVersion = 15.0.26430.13
MinimumVisualStudioVersion = 10.0.40219.1
Project("{FAE04EC0-301F-11D3-BF4B-00C04F79EFBC}") = "AmazonTask", "AmazonTests\AmazonTask.csproj", "{8987DB7D-AE0B-4328-AA80-19CF5C89A0DF}"
EndProject
Project("{FAE04EC0-301F-11D3-BF4B-00C04F79EFBC}") = "Common", "Common\Common.csproj", "{271FE5A5-91AA-4C39-B809-858EE2B8F2BF}"
EndProject
Global
	GlobalSection(SolutionConfigurationPlatforms) = preSolution
		Debug|Any CPU = Debug|Any CPU
		Release|Any CPU = Release|Any CPU
	EndGlobalSection
	GlobalSection(ProjectConfigurationPlatforms) = postSolution
		{8987DB7D-AE0B-4328-AA80-19CF5C89A0DF}.Debug|Any CPU.ActiveCfg = Debug|Any CPU
		{8987DB7D-AE0B-4328-AA80-19CF5C89A0DF}.Debug|Any CPU.Build.0 = Debug|Any CPU
		{8987DB7D-AE0B-4328-AA80-19CF5C89A0DF}.Release|Any CPU.ActiveCfg = Release|Any CPU
		{8987DB7D-AE0B-4328-AA80-19CF5C89A0DF}.Release|Any CPU.Build.0 = Release|Any CPU
		{271FE5A5-91AA-4C39-B809-858EE2B8F2BF}.Debug|Any CPU.ActiveCfg = Debug|Any CPU
		{271FE5A5-91AA-4C39-B809-858EE2B8F2BF}.Debug|Any CPU.Build.0 = Debug|Any CPU
		{271FE5A5-91AA-4C39-B809-858EE2B8F2BF}.Release|Any CPU.ActiveCfg = Release|Any CPU
		{271FE5A5-91AA-4C39-B809-858EE2B8F2BF}.Release|Any CPU.Build.0 = Release|Any CPU
	EndGlobalSection
	GlobalSection(SolutionProperties) = preSolution
		HideSolutionNode = FALSE
	EndGlobalSection
EndGlobal
